
Microsoft Visual Studio Solution File, Format Version 12.00
# Visual Studio 14
VisualStudioVersion = 14.0.23107.0
MinimumVisualStudioVersion = 10.0.40219.1
Project("{2150E333-8FDC-42A3-9474-1A3956D46DE8}") = "src", "src", "{9BCB6561-FD25-4DFB-AE4A-7C3B30D01FF5}"
EndProject
Project("{2150E333-8FDC-42A3-9474-1A3956D46DE8}") = "Solution Items", "Solution Items", "{ACD259E5-1407-40E0-9338-7F65EF62DB12}"
	ProjectSection(SolutionItems) = preProject
		global.json = global.json
		NuGet.Config = NuGet.Config
	EndProjectSection
EndProject
Project("{8BB2217D-0F2D-49D1-97BC-3654ED321F3B}") = "Cibrary", "src\Cibrary\Cibrary.xproj", "{07D6E441-0D79-42CF-A98A-8CC3750F262B}"
EndProject
Global
	GlobalSection(SolutionConfigurationPlatforms) = preSolution
		Debug|Any CPU = Debug|Any CPU
		Release|Any CPU = Release|Any CPU
	EndGlobalSection
	GlobalSection(ProjectConfigurationPlatforms) = postSolution
		{07D6E441-0D79-42CF-A98A-8CC3750F262B}.Debug|Any CPU.ActiveCfg = Debug|Any CPU
		{07D6E441-0D79-42CF-A98A-8CC3750F262B}.Debug|Any CPU.Build.0 = Debug|Any CPU
		{07D6E441-0D79-42CF-A98A-8CC3750F262B}.Release|Any CPU.ActiveCfg = Release|Any CPU
		{07D6E441-0D79-42CF-A98A-8CC3750F262B}.Release|Any CPU.Build.0 = Release|Any CPU
	EndGlobalSection
	GlobalSection(SolutionProperties) = preSolution
		HideSolutionNode = FALSE
	EndGlobalSection
	GlobalSection(NestedProjects) = preSolution
		{07D6E441-0D79-42CF-A98A-8CC3750F262B} = {9BCB6561-FD25-4DFB-AE4A-7C3B30D01FF5}
	EndGlobalSection
EndGlobal
